
Microsoft Visual Studio Solution File, Format Version 11.00
# Visual Studio 2010
Project("{F184B08F-C81C-45F6-A57F-5ABD9991F28F}") = "Exercise9.2", "Exercise9.2\Exercise9.2.vbproj", "{4880FC45-6B9E-4366-9B5A-5B881EC5C063}"
EndProject
Global
	GlobalSection(SolutionConfigurationPlatforms) = preSolution
		Debug|Any CPU = Debug|Any CPU
		Release|Any CPU = Release|Any CPU
	EndGlobalSection
	GlobalSection(ProjectConfigurationPlatforms) = postSolution
		{4880FC45-6B9E-4366-9B5A-5B881EC5C063}.Debug|Any CPU.ActiveCfg = Debug|Any CPU
		{4880FC45-6B9E-4366-9B5A-5B881EC5C063}.Debug|Any CPU.Build.0 = Debug|Any CPU
		{4880FC45-6B9E-4366-9B5A-5B881EC5C063}.Release|Any CPU.ActiveCfg = Release|Any CPU
		{4880FC45-6B9E-4366-9B5A-5B881EC5C063}.Release|Any CPU.Build.0 = Release|Any CPU
	EndGlobalSection
	GlobalSection(SolutionProperties) = preSolution
		HideSolutionNode = FALSE
	EndGlobalSection
EndGlobal
